# generated by rye
# use `rye lock` or `rye sync` to update this lockfile
#
# last locked with the following flags:
#   pre: false
#   features: []
#   all-features: false
#   with-sources: false
#   generate-hashes: false
#   universal: true

-e file:bot
-e file:common
    # via hexbug-bot
    # via hexbug-infrastructure
-e file:infrastructure
attrs==25.1.0
    # via cattrs
    # via jsii
aws-cdk-asset-awscli-v1==2.2.224
    # via aws-cdk-lib
aws-cdk-asset-node-proxy-agent-v6==2.1.0
    # via aws-cdk-lib
aws-cdk-cloud-assembly-schema==39.2.20
    # via aws-cdk-lib
aws-cdk-github-oidc==2.4.1
    # via hexbug-infrastructure
    # via object-ci
aws-cdk-lib==2.180.0
    # via aws-cdk-github-oidc
    # via hexbug-infrastructure
    # via object-ci
cattrs==24.1.2
    # via jsii
constructs==10.4.2
    # via aws-cdk-github-oidc
    # via aws-cdk-lib
importlib-resources==6.5.2
    # via jsii
jsii==1.107.0
    # via aws-cdk-asset-awscli-v1
    # via aws-cdk-asset-node-proxy-agent-v6
    # via aws-cdk-cloud-assembly-schema
    # via aws-cdk-github-oidc
    # via aws-cdk-lib
    # via constructs
object-ci @ git+https://github.com/object-Object/ci@6c2cba42668b4c632a1368adb5034e733cb6cc0a
    # via hexbug-infrastructure
publication==0.0.3
    # via aws-cdk-asset-awscli-v1
    # via aws-cdk-asset-node-proxy-agent-v6
    # via aws-cdk-cloud-assembly-schema
    # via aws-cdk-github-oidc
    # via aws-cdk-lib
    # via constructs
    # via jsii
python-dateutil==2.9.0.post0
    # via jsii
six==1.17.0
    # via python-dateutil
typeguard==2.13.3
    # via aws-cdk-asset-awscli-v1
    # via aws-cdk-asset-node-proxy-agent-v6
    # via aws-cdk-cloud-assembly-schema
    # via aws-cdk-github-oidc
    # via aws-cdk-lib
    # via constructs
    # via jsii
typing-extensions==4.12.2
    # via jsii
